<?xml version="1.0" encoding="utf-8"?>
<Project ToolsVersion="4.0" xmlns="http://schemas.microsoft.com/developer/msbuild/2003">
  <ItemGroup>
    <Filter Include="Fichiers sources">
      <UniqueIdentifier>{4FC737F1-C7A5-4376-A066-2A32D752A2FF}</UniqueIdentifier>
      <Extensions>cpp;c;cc;cxx;c++;cppm;ixx;def;odl;idl;hpj;bat;asm;asmx</Extensions>
    </Filter>
    <Filter Include="Fichiers d%27en-tête">
      <UniqueIdentifier>{93995380-89BD-4b04-88EB-625FBE52EBFB}</UniqueIdentifier>
      <Extensions>h;hh;hpp;hxx;h++;hm;inl;inc;ipp;xsd</Extensions>
    </Filter>
    <Filter Include="Fichiers de ressources">
      <UniqueIdentifier>{67DA6AB6-F800-4c08-8B7A-83BB121AAD01}</UniqueIdentifier>
      <Extensions>rc;ico;cur;bmp;dlg;rc2;rct;bin;rgs;gif;jpg;jpeg;jpe;resx;tiff;tif;png;wav;mfcribbon-ms</Extensions>
    </Filter>
    <Filter Include="Fichiers d%27en-tête\Game">
      <UniqueIdentifier>{a6d7250c-8d0e-427c-94b3-8a9abdf299be}</UniqueIdentifier>
    </Filter>
    <Filter Include="Fichiers sources\Game">
      <UniqueIdentifier>{e77fdc4f-9feb-44d6-84b0-50c5683ca283}</UniqueIdentifier>
    </Filter>
    <Filter Include="Fichiers d%27en-tête\Game\Scene">
      <UniqueIdentifier>{18a1a1b3-8811-4f24-beaf-7e96013297b1}</UniqueIdentifier>
    </Filter>
    <Filter Include="Fichiers sources\Game\Scene">
      <UniqueIdentifier>{0bd13dd6-c68f-4d52-af88-d55a007552a6}</UniqueIdentifier>
    </Filter>
    <Filter Include="Fichiers d%27en-tête\Tool">
      <UniqueIdentifier>{de0ac5bd-464a-49c5-a74a-2f93242507f5}</UniqueIdentifier>
    </Filter>
    <Filter Include="Fichiers sources\Tool">
      <UniqueIdentifier>{c4f8f596-b7bc-4f10-800f-473c719e4849}</UniqueIdentifier>
    </Filter>
    <Filter Include="Fichiers sources\GameObject">
      <UniqueIdentifier>{a63758fc-9ad0-4cb2-a3be-8dea1f21cd36}</UniqueIdentifier>
    </Filter>
    <Filter Include="Fichiers d%27en-tête\GameObject">
      <UniqueIdentifier>{70f3ad8a-d8ca-4a4f-9518-45b95ec2c308}</UniqueIdentifier>
    </Filter>
    <Filter Include="Fichiers d%27en-tête\GameObject\Entity">
      <UniqueIdentifier>{42cda38d-7cda-44fc-816d-2aa10c10431b}</UniqueIdentifier>
    </Filter>
    <Filter Include="Fichiers sources\GameObject\Entity">
      <UniqueIdentifier>{4415b08f-fe09-46a0-b697-432f33b06b8f}</UniqueIdentifier>
    </Filter>
  </ItemGroup>
  <ItemGroup>
    <ClCompile Include="main.cpp">
      <Filter>Fichiers sources</Filter>
    </ClCompile>
    <ClCompile Include="GameEngine.cpp">
      <Filter>Fichiers sources\Game</Filter>
    </ClCompile>
    <ClCompile Include="MainMenu.cpp">
      <Filter>Fichiers sources\Game\Scene</Filter>
    </ClCompile>
    <ClCompile Include="Game.cpp">
      <Filter>Fichiers sources\Game\Scene</Filter>
    </ClCompile>
    <ClCompile Include="GameState.cpp">
      <Filter>Fichiers sources\Game\Scene</Filter>
    </ClCompile>
    <ClCompile Include="GameObject.cpp">
      <Filter>Fichiers sources\GameObject</Filter>
    </ClCompile>
    <ClCompile Include="Input.cpp">
      <Filter>Fichiers sources\Tool</Filter>
    </ClCompile>
    <ClCompile Include="Player.cpp">
      <Filter>Fichiers sources\GameObject\Entity</Filter>
    </ClCompile>
    <ClCompile Include="Camera.cpp">
      <Filter>Fichiers sources\Tool</Filter>
    </ClCompile>
    <ClCompile Include="Textures.cpp">
      <Filter>Fichiers sources\Tool</Filter>
    </ClCompile>
  </ItemGroup>
  <ItemGroup>
    <ClInclude Include="GameEngine.h">
      <Filter>Fichiers d%27en-tête\Game</Filter>
    </ClInclude>
    <ClInclude Include="MainMenu.h">
      <Filter>Fichiers d%27en-tête\Game\Scene</Filter>
    </ClInclude>
    <ClInclude Include="Game.h">
      <Filter>Fichiers d%27en-tête\Game\Scene</Filter>
    </ClInclude>
    <ClInclude Include="Globals.h">
      <Filter>Fichiers d%27en-tête\Tool</Filter>
    </ClInclude>
    <ClInclude Include="GameState.h">
      <Filter>Fichiers d%27en-tête\Game\Scene</Filter>
    </ClInclude>
    <ClInclude Include="GameObject.h">
      <Filter>Fichiers d%27en-tête\GameObject</Filter>
    </ClInclude>
    <ClInclude Include="Input.h">
      <Filter>Fichiers d%27en-tête\Tool</Filter>
    </ClInclude>
    <ClInclude Include="Player.h">
      <Filter>Fichiers d%27en-tête\GameObject\Entity</Filter>
    </ClInclude>
    <ClInclude Include="Camera.h">
      <Filter>Fichiers d%27en-tête\Tool</Filter>
    </ClInclude>
    <ClInclude Include="Textures.h">
      <Filter>Fichiers d%27en-tête\Tool</Filter>
    </ClInclude>
  </ItemGroup>
</Project>